
Microsoft Visual Studio Solution File, Format Version 12.00
# Visual Studio 15
VisualStudioVersion = 15.0.26206.0
MinimumVisualStudioVersion = 10.0.40219.1
Project("{8BC9CEB8-8B4A-11D0-8D11-00A0C91BC942}") = "GameEngine", "GameEngine\GameEngine.vcxproj", "{B00EF9EF-6967-4724-8159-84D4CD191C42}"
EndProject
Project("{2150E333-8FDC-42A3-9474-1A3956D46DE8}") = "Regulations", "Regulations", "{D07990C1-9DF3-4316-865E-98A984376F62}"
	ProjectSection(SolutionItems) = preProject
		Regulation\BranchRule.md = Regulation\BranchRule.md
		Regulation\CodingRule.md = Regulation\CodingRule.md
		Regulation\EngineDevelopmentRule.md = Regulation\EngineDevelopmentRule.md
		Regulation\TestRule.md = Regulation\TestRule.md
		Regulation\VersionRule.md = Regulation\VersionRule.md
	EndProjectSection
EndProject
Project("{2150E333-8FDC-42A3-9474-1A3956D46DE8}") = "Windows10", "Windows10", "{6E85F1B1-E66A-4014-B4EC-9B4945070489}"
EndProject
Project("{8BC9CEB8-8B4A-11D0-8D11-00A0C91BC942}") = "win10_CoreSystem", "win10_CoreSystem\win10_CoreSystem.vcxproj", "{5A872FB9-8C95-48C1-873E-B4B1A3165884}"
EndProject
Global
	GlobalSection(SolutionConfigurationPlatforms) = preSolution
		Debug|x64 = Debug|x64
		Debug|x86 = Debug|x86
		Release|x64 = Release|x64
		Release|x86 = Release|x86
	EndGlobalSection
	GlobalSection(ProjectConfigurationPlatforms) = postSolution
		{B00EF9EF-6967-4724-8159-84D4CD191C42}.Debug|x64.ActiveCfg = Debug|x64
		{B00EF9EF-6967-4724-8159-84D4CD191C42}.Debug|x64.Build.0 = Debug|x64
		{B00EF9EF-6967-4724-8159-84D4CD191C42}.Debug|x86.ActiveCfg = Debug|Win32
		{B00EF9EF-6967-4724-8159-84D4CD191C42}.Debug|x86.Build.0 = Debug|Win32
		{B00EF9EF-6967-4724-8159-84D4CD191C42}.Release|x64.ActiveCfg = Release|x64
		{B00EF9EF-6967-4724-8159-84D4CD191C42}.Release|x64.Build.0 = Release|x64
		{B00EF9EF-6967-4724-8159-84D4CD191C42}.Release|x86.ActiveCfg = Release|Win32
		{B00EF9EF-6967-4724-8159-84D4CD191C42}.Release|x86.Build.0 = Release|Win32
		{5A872FB9-8C95-48C1-873E-B4B1A3165884}.Debug|x64.ActiveCfg = Debug|x64
		{5A872FB9-8C95-48C1-873E-B4B1A3165884}.Debug|x64.Build.0 = Debug|x64
		{5A872FB9-8C95-48C1-873E-B4B1A3165884}.Debug|x86.ActiveCfg = Debug|Win32
		{5A872FB9-8C95-48C1-873E-B4B1A3165884}.Debug|x86.Build.0 = Debug|Win32
		{5A872FB9-8C95-48C1-873E-B4B1A3165884}.Release|x64.ActiveCfg = Release|x64
		{5A872FB9-8C95-48C1-873E-B4B1A3165884}.Release|x64.Build.0 = Release|x64
		{5A872FB9-8C95-48C1-873E-B4B1A3165884}.Release|x86.ActiveCfg = Release|Win32
		{5A872FB9-8C95-48C1-873E-B4B1A3165884}.Release|x86.Build.0 = Release|Win32
	EndGlobalSection
	GlobalSection(SolutionProperties) = preSolution
		HideSolutionNode = FALSE
	EndGlobalSection
	GlobalSection(NestedProjects) = preSolution
		{5A872FB9-8C95-48C1-873E-B4B1A3165884} = {6E85F1B1-E66A-4014-B4EC-9B4945070489}
	EndGlobalSection
EndGlobal
