
Microsoft Visual Studio Solution File, Format Version 12.00
# Visual Studio 15
VisualStudioVersion = 15.0.26403.3
MinimumVisualStudioVersion = 10.0.40219.1
Project("{8BC9CEB8-8B4A-11D0-8D11-00A0C91BC942}") = "GameEngine", "GameEngine\GameEngine.vcxproj", "{B00EF9EF-6967-4724-8159-84D4CD191C42}"
EndProject
Project("{2150E333-8FDC-42A3-9474-1A3956D46DE8}") = "Regulations", "Regulations", "{D07990C1-9DF3-4316-865E-98A984376F62}"
	ProjectSection(SolutionItems) = preProject
		Regulation\BranchRule.md = Regulation\BranchRule.md
		Regulation\CodingRule.md = Regulation\CodingRule.md
		Regulation\EngineDevelopmentRule.md = Regulation\EngineDevelopmentRule.md
		Regulation\TestRule.md = Regulation\TestRule.md
		Regulation\VersionRule.md = Regulation\VersionRule.md
	EndProjectSection
EndProject
Project("{2150E333-8FDC-42A3-9474-1A3956D46DE8}") = "Windows10", "Windows10", "{6E85F1B1-E66A-4014-B4EC-9B4945070489}"
EndProject
Project("{8BC9CEB8-8B4A-11D0-8D11-00A0C91BC942}") = "win10_Application", "win10_Application\win10_Application.vcxproj", "{5A872FB9-8C95-48C1-873E-B4B1A3165884}"
EndProject
Project("{2150E333-8FDC-42A3-9474-1A3956D46DE8}") = "Test", "Test", "{12E7F72F-84B8-4EBF-8735-FAB93FDFED63}"
	ProjectSection(SolutionItems) = preProject
		unchi.md = unchi.md
	EndProjectSection
EndProject
Project("{8BC9CEB8-8B4A-11D0-8D11-00A0C91BC942}") = "SystemTest", "__TestProjects\mstybird\SystemTest\SystemTest.vcxproj", "{2A03568C-A53D-4522-9EC3-766A54AFB0F0}"
EndProject
Project("{8BC9CEB8-8B4A-11D0-8D11-00A0C91BC942}") = "win10_Environ", "win10_Environ\win10_Environ.vcxproj", "{22968ABE-E95C-4E46-8FBD-1E4B2BFBCADC}"
EndProject
Project("{8BC9CEB8-8B4A-11D0-8D11-00A0C91BC942}") = "win10_GUI", "win10_GUI\win10_GUI.vcxproj", "{8C865E23-B9D7-4E2B-A937-F9CDB76DEE0A}"
EndProject
Project("{8BC9CEB8-8B4A-11D0-8D11-00A0C91BC942}") = "UnitTest", "__TestProjects\mstybird\UnitTest\UnitTest.vcxproj", "{00F3297B-E185-4622-96E5-AE5F7F7DA94D}"
EndProject
Project("{8BC9CEB8-8B4A-11D0-8D11-00A0C91BC942}") = "Win10_Math", "Win10_Math\Win10_Math.vcxproj", "{0D0C1541-7563-4D59-A757-4C219A5BFAEB}"
EndProject
Project("{2150E333-8FDC-42A3-9474-1A3956D46DE8}") = "ExternalLibrary", "ExternalLibrary", "{5EF29158-B1D0-49D5-82F4-EB7F4109D8A5}"
EndProject
Global
	GlobalSection(SolutionConfigurationPlatforms) = preSolution
		Debug|x64 = Debug|x64
		Debug|x86 = Debug|x86
		Release|x64 = Release|x64
		Release|x86 = Release|x86
	EndGlobalSection
	GlobalSection(ProjectConfigurationPlatforms) = postSolution
		{B00EF9EF-6967-4724-8159-84D4CD191C42}.Debug|x64.ActiveCfg = Debug|x64
		{B00EF9EF-6967-4724-8159-84D4CD191C42}.Debug|x64.Build.0 = Debug|x64
		{B00EF9EF-6967-4724-8159-84D4CD191C42}.Debug|x86.ActiveCfg = Debug|Win32
		{B00EF9EF-6967-4724-8159-84D4CD191C42}.Debug|x86.Build.0 = Debug|Win32
		{B00EF9EF-6967-4724-8159-84D4CD191C42}.Release|x64.ActiveCfg = Release|x64
		{B00EF9EF-6967-4724-8159-84D4CD191C42}.Release|x64.Build.0 = Release|x64
		{B00EF9EF-6967-4724-8159-84D4CD191C42}.Release|x86.ActiveCfg = Release|Win32
		{B00EF9EF-6967-4724-8159-84D4CD191C42}.Release|x86.Build.0 = Release|Win32
		{5A872FB9-8C95-48C1-873E-B4B1A3165884}.Debug|x64.ActiveCfg = Debug|x64
		{5A872FB9-8C95-48C1-873E-B4B1A3165884}.Debug|x64.Build.0 = Debug|x64
		{5A872FB9-8C95-48C1-873E-B4B1A3165884}.Debug|x86.ActiveCfg = Debug|Win32
		{5A872FB9-8C95-48C1-873E-B4B1A3165884}.Debug|x86.Build.0 = Debug|Win32
		{5A872FB9-8C95-48C1-873E-B4B1A3165884}.Release|x64.ActiveCfg = Release|x64
		{5A872FB9-8C95-48C1-873E-B4B1A3165884}.Release|x64.Build.0 = Release|x64
		{5A872FB9-8C95-48C1-873E-B4B1A3165884}.Release|x86.ActiveCfg = Release|Win32
		{5A872FB9-8C95-48C1-873E-B4B1A3165884}.Release|x86.Build.0 = Release|Win32
		{2A03568C-A53D-4522-9EC3-766A54AFB0F0}.Debug|x64.ActiveCfg = Debug|x64
		{2A03568C-A53D-4522-9EC3-766A54AFB0F0}.Debug|x64.Build.0 = Debug|x64
		{2A03568C-A53D-4522-9EC3-766A54AFB0F0}.Debug|x86.ActiveCfg = Debug|Win32
		{2A03568C-A53D-4522-9EC3-766A54AFB0F0}.Debug|x86.Build.0 = Debug|Win32
		{2A03568C-A53D-4522-9EC3-766A54AFB0F0}.Release|x64.ActiveCfg = Release|x64
		{2A03568C-A53D-4522-9EC3-766A54AFB0F0}.Release|x64.Build.0 = Release|x64
		{2A03568C-A53D-4522-9EC3-766A54AFB0F0}.Release|x86.ActiveCfg = Release|Win32
		{2A03568C-A53D-4522-9EC3-766A54AFB0F0}.Release|x86.Build.0 = Release|Win32
		{22968ABE-E95C-4E46-8FBD-1E4B2BFBCADC}.Debug|x64.ActiveCfg = Debug|x64
		{22968ABE-E95C-4E46-8FBD-1E4B2BFBCADC}.Debug|x64.Build.0 = Debug|x64
		{22968ABE-E95C-4E46-8FBD-1E4B2BFBCADC}.Debug|x86.ActiveCfg = Debug|Win32
		{22968ABE-E95C-4E46-8FBD-1E4B2BFBCADC}.Debug|x86.Build.0 = Debug|Win32
		{22968ABE-E95C-4E46-8FBD-1E4B2BFBCADC}.Release|x64.ActiveCfg = Release|x64
		{22968ABE-E95C-4E46-8FBD-1E4B2BFBCADC}.Release|x64.Build.0 = Release|x64
		{22968ABE-E95C-4E46-8FBD-1E4B2BFBCADC}.Release|x86.ActiveCfg = Release|Win32
		{22968ABE-E95C-4E46-8FBD-1E4B2BFBCADC}.Release|x86.Build.0 = Release|Win32
		{8C865E23-B9D7-4E2B-A937-F9CDB76DEE0A}.Debug|x64.ActiveCfg = Debug|x64
		{8C865E23-B9D7-4E2B-A937-F9CDB76DEE0A}.Debug|x64.Build.0 = Debug|x64
		{8C865E23-B9D7-4E2B-A937-F9CDB76DEE0A}.Debug|x86.ActiveCfg = Debug|Win32
		{8C865E23-B9D7-4E2B-A937-F9CDB76DEE0A}.Debug|x86.Build.0 = Debug|Win32
		{8C865E23-B9D7-4E2B-A937-F9CDB76DEE0A}.Release|x64.ActiveCfg = Release|x64
		{8C865E23-B9D7-4E2B-A937-F9CDB76DEE0A}.Release|x64.Build.0 = Release|x64
		{8C865E23-B9D7-4E2B-A937-F9CDB76DEE0A}.Release|x86.ActiveCfg = Release|Win32
		{8C865E23-B9D7-4E2B-A937-F9CDB76DEE0A}.Release|x86.Build.0 = Release|Win32
		{00F3297B-E185-4622-96E5-AE5F7F7DA94D}.Debug|x64.ActiveCfg = Debug|x64
		{00F3297B-E185-4622-96E5-AE5F7F7DA94D}.Debug|x64.Build.0 = Debug|x64
		{00F3297B-E185-4622-96E5-AE5F7F7DA94D}.Debug|x86.ActiveCfg = Debug|Win32
		{00F3297B-E185-4622-96E5-AE5F7F7DA94D}.Debug|x86.Build.0 = Debug|Win32
		{00F3297B-E185-4622-96E5-AE5F7F7DA94D}.Release|x64.ActiveCfg = Release|x64
		{00F3297B-E185-4622-96E5-AE5F7F7DA94D}.Release|x64.Build.0 = Release|x64
		{00F3297B-E185-4622-96E5-AE5F7F7DA94D}.Release|x86.ActiveCfg = Release|Win32
		{00F3297B-E185-4622-96E5-AE5F7F7DA94D}.Release|x86.Build.0 = Release|Win32
		{0D0C1541-7563-4D59-A757-4C219A5BFAEB}.Debug|x64.ActiveCfg = Debug|x64
		{0D0C1541-7563-4D59-A757-4C219A5BFAEB}.Debug|x64.Build.0 = Debug|x64
		{0D0C1541-7563-4D59-A757-4C219A5BFAEB}.Debug|x86.ActiveCfg = Debug|Win32
		{0D0C1541-7563-4D59-A757-4C219A5BFAEB}.Debug|x86.Build.0 = Debug|Win32
		{0D0C1541-7563-4D59-A757-4C219A5BFAEB}.Release|x64.ActiveCfg = Release|x64
		{0D0C1541-7563-4D59-A757-4C219A5BFAEB}.Release|x64.Build.0 = Release|x64
		{0D0C1541-7563-4D59-A757-4C219A5BFAEB}.Release|x86.ActiveCfg = Release|Win32
		{0D0C1541-7563-4D59-A757-4C219A5BFAEB}.Release|x86.Build.0 = Release|Win32
	EndGlobalSection
	GlobalSection(SolutionProperties) = preSolution
		HideSolutionNode = FALSE
	EndGlobalSection
	GlobalSection(NestedProjects) = preSolution
		{5A872FB9-8C95-48C1-873E-B4B1A3165884} = {6E85F1B1-E66A-4014-B4EC-9B4945070489}
		{2A03568C-A53D-4522-9EC3-766A54AFB0F0} = {12E7F72F-84B8-4EBF-8735-FAB93FDFED63}
		{22968ABE-E95C-4E46-8FBD-1E4B2BFBCADC} = {6E85F1B1-E66A-4014-B4EC-9B4945070489}
		{8C865E23-B9D7-4E2B-A937-F9CDB76DEE0A} = {6E85F1B1-E66A-4014-B4EC-9B4945070489}
		{00F3297B-E185-4622-96E5-AE5F7F7DA94D} = {12E7F72F-84B8-4EBF-8735-FAB93FDFED63}
	EndGlobalSection
EndGlobal
